
Microsoft Visual Studio Solution File, Format Version 12.00
# Visual Studio Version 17
VisualStudioVersion = 17.9.34607.119
MinimumVisualStudioVersion = 10.0.40219.1
Project("{9A19103F-16F7-4668-BE54-9A1E7A4F7556}") = "EjemploOracle.WebApi", "EjemploOracle.WebApi\EjemploOracle.WebApi.csproj", "{4903803A-F073-4558-B8DC-130A638ADAB0}"
EndProject
Project("{9A19103F-16F7-4668-BE54-9A1E7A4F7556}") = "EjemploOracle.DataAccess", "EjemploOracle.DataAccess\EjemploOracle.DataAccess.csproj", "{573EB9E4-2B7B-44E0-A9AE-D77EE6D70634}"
EndProject
Project("{FAE04EC0-301F-11D3-BF4B-00C04F79EFBC}") = "EjemploOracle.Services", "EjemploOracle.Services\EjemploOracle.Services.csproj", "{D66952D6-4B84-4FCA-B319-5DC8D1EC1A1A}"
EndProject
Global
	GlobalSection(SolutionConfigurationPlatforms) = preSolution
		Debug|Any CPU = Debug|Any CPU
		Release|Any CPU = Release|Any CPU
	EndGlobalSection
	GlobalSection(ProjectConfigurationPlatforms) = postSolution
		{4903803A-F073-4558-B8DC-130A638ADAB0}.Debug|Any CPU.ActiveCfg = Debug|Any CPU
		{4903803A-F073-4558-B8DC-130A638ADAB0}.Debug|Any CPU.Build.0 = Debug|Any CPU
		{4903803A-F073-4558-B8DC-130A638ADAB0}.Release|Any CPU.ActiveCfg = Release|Any CPU
		{4903803A-F073-4558-B8DC-130A638ADAB0}.Release|Any CPU.Build.0 = Release|Any CPU
		{573EB9E4-2B7B-44E0-A9AE-D77EE6D70634}.Debug|Any CPU.ActiveCfg = Debug|Any CPU
		{573EB9E4-2B7B-44E0-A9AE-D77EE6D70634}.Debug|Any CPU.Build.0 = Debug|Any CPU
		{573EB9E4-2B7B-44E0-A9AE-D77EE6D70634}.Release|Any CPU.ActiveCfg = Release|Any CPU
		{573EB9E4-2B7B-44E0-A9AE-D77EE6D70634}.Release|Any CPU.Build.0 = Release|Any CPU
		{D66952D6-4B84-4FCA-B319-5DC8D1EC1A1A}.Debug|Any CPU.ActiveCfg = Debug|Any CPU
		{D66952D6-4B84-4FCA-B319-5DC8D1EC1A1A}.Debug|Any CPU.Build.0 = Debug|Any CPU
		{D66952D6-4B84-4FCA-B319-5DC8D1EC1A1A}.Release|Any CPU.ActiveCfg = Release|Any CPU
		{D66952D6-4B84-4FCA-B319-5DC8D1EC1A1A}.Release|Any CPU.Build.0 = Release|Any CPU
	EndGlobalSection
	GlobalSection(SolutionProperties) = preSolution
		HideSolutionNode = FALSE
	EndGlobalSection
	GlobalSection(ExtensibilityGlobals) = postSolution
		SolutionGuid = {0ED772C1-C6DA-4BA5-855D-5CE39294F542}
	EndGlobalSection
EndGlobal
